
Microsoft Visual Studio Solution File, Format Version 12.00
# Visual Studio Version 17
VisualStudioVersion = 17.9.34728.123
MinimumVisualStudioVersion = 10.0.40219.1
Project("{8BC9CEB8-8B4A-11D0-8D11-00A0C91BC942}") = "Bitonic_Sort_Cuda", "Bitonic_Sort_Cuda\Bitonic_Sort_Cuda.vcxproj", "{A762C764-474C-4B8B-9A80-06DDFB7B2C44}"
EndProject
Project("{8BC9CEB8-8B4A-11D0-8D11-00A0C91BC942}") = "Bitonic_Dynamic_Cuda", "Bitonic_Dynamic_Cuda\Bitonic_Dynamic_Cuda.vcxproj", "{7F3564FC-26AE-4455-A658-C914E8874831}"
EndProject
Project("{8BC9CEB8-8B4A-11D0-8D11-00A0C91BC942}") = "Bitonic_Shared_Optimized", "Bitonic_Shared_Optimized\Bitonic_Shared_Optimized.vcxproj", "{BBFE7753-736C-4B67-8B41-24398910CC40}"
EndProject
Global
	GlobalSection(SolutionConfigurationPlatforms) = preSolution
		Debug|x64 = Debug|x64
		Release|x64 = Release|x64
	EndGlobalSection
	GlobalSection(ProjectConfigurationPlatforms) = postSolution
		{A762C764-474C-4B8B-9A80-06DDFB7B2C44}.Debug|x64.ActiveCfg = Debug|x64
		{A762C764-474C-4B8B-9A80-06DDFB7B2C44}.Debug|x64.Build.0 = Debug|x64
		{A762C764-474C-4B8B-9A80-06DDFB7B2C44}.Release|x64.ActiveCfg = Release|x64
		{A762C764-474C-4B8B-9A80-06DDFB7B2C44}.Release|x64.Build.0 = Release|x64
		{7F3564FC-26AE-4455-A658-C914E8874831}.Debug|x64.ActiveCfg = Debug|x64
		{7F3564FC-26AE-4455-A658-C914E8874831}.Debug|x64.Build.0 = Debug|x64
		{7F3564FC-26AE-4455-A658-C914E8874831}.Release|x64.ActiveCfg = Release|x64
		{7F3564FC-26AE-4455-A658-C914E8874831}.Release|x64.Build.0 = Release|x64
		{BBFE7753-736C-4B67-8B41-24398910CC40}.Debug|x64.ActiveCfg = Debug|x64
		{BBFE7753-736C-4B67-8B41-24398910CC40}.Debug|x64.Build.0 = Debug|x64
		{BBFE7753-736C-4B67-8B41-24398910CC40}.Release|x64.ActiveCfg = Release|x64
		{BBFE7753-736C-4B67-8B41-24398910CC40}.Release|x64.Build.0 = Release|x64
	EndGlobalSection
	GlobalSection(SolutionProperties) = preSolution
		HideSolutionNode = FALSE
	EndGlobalSection
	GlobalSection(ExtensibilityGlobals) = postSolution
		SolutionGuid = {55750E3D-403A-4200-8673-92AB467BA34C}
	EndGlobalSection
EndGlobal
